{
  "version": 4,
  "terraform_version": "0.12.26",
  "serial": 46,
  "lineage": "906a7ab3-d59e-262d-ec87-4d36b5f08a0f",
  "outputs": {
    "hostname": {
      "value": "sergiorodrigues.eastus.cloudapp.azure.com",
      "type": "string"
    },
    "ip": {
      "value": "52.249.179.191",
      "type": "string"
    }
  },
  "resources": [
    {
      "mode": "managed",
      "type": "azurerm_network_interface",
      "name": "SergioRodrigues_Nc",
      "provider": "provider.azurerm",
      "instances": [
        {
          "schema_version": 0,
          "attributes": {
            "applied_dns_servers": [],
            "dns_servers": [],
            "enable_accelerated_networking": false,
            "enable_ip_forwarding": false,
            "id": "/subscriptions/5f4ed2ba-0ac4-4340-9687-8a15ca6ae43d/resourceGroups/SergioRodrigues_RG/providers/Microsoft.Network/networkInterfaces/SergioRodrigues_PR",
            "internal_dns_name_label": "",
            "internal_domain_name_suffix": "h2dpxlfx25uulnjfk4jpll2gie.bx.internal.cloudapp.net",
            "ip_configuration": [
              {
                "name": "SergioRodrigues_IPINTERNO",
                "primary": true,
                "private_ip_address": "10.0.10.4",
                "private_ip_address_allocation": "Dynamic",
                "private_ip_address_version": "IPv4",
                "public_ip_address_id": "/subscriptions/5f4ed2ba-0ac4-4340-9687-8a15ca6ae43d/resourceGroups/SergioRodrigues_RG/providers/Microsoft.Network/publicIPAddresses/SergioRodrigues_IPPUBLICO",
                "subnet_id": "/subscriptions/5f4ed2ba-0ac4-4340-9687-8a15ca6ae43d/resourceGroups/SergioRodrigues_RG/providers/Microsoft.Network/virtualNetworks/SergioRodrigues_VN/subnets/SergioRodrigues_SN"
              }
            ],
            "location": "eastus",
            "mac_address": "00-0D-3A-17-B9-3E",
            "name": "SergioRodrigues_PR",
            "private_ip_address": "10.0.10.4",
            "private_ip_addresses": [
              "10.0.10.4"
            ],
            "resource_group_name": "SergioRodrigues_RG",
            "tags": {},
            "timeouts": null,
            "virtual_machine_id": "/subscriptions/5f4ed2ba-0ac4-4340-9687-8a15ca6ae43d/resourceGroups/SergioRodrigues_RG/providers/Microsoft.Compute/virtualMachines/sergio-1-rodrigues"
          },
          "private": "eyJlMmJmYjczMC1lY2FhLTExZTYtOGY4OC0zNDM2M2JjN2M0YzAiOnsiY3JlYXRlIjoxODAwMDAwMDAwMDAwLCJkZWxldGUiOjE4MDAwMDAwMDAwMDAsInJlYWQiOjMwMDAwMDAwMDAwMCwidXBkYXRlIjoxODAwMDAwMDAwMDAwfX0=",
          "dependencies": [
            "azurerm_public_ip.SergioRodrigues_Ip",
            "azurerm_resource_group.SergioRodrigues_Rg",
            "azurerm_subnet.SergioRodrigues_Sn",
            "azurerm_virtual_network.SergioRodrigues_Vn"
          ]
        }
      ]
    },
    {
      "mode": "managed",
      "type": "azurerm_network_security_group",
      "name": "SergioRodrigues_Sg",
      "provider": "provider.azurerm",
      "instances": [
        {
          "schema_version": 0,
          "attributes": {
            "id": "/subscriptions/5f4ed2ba-0ac4-4340-9687-8a15ca6ae43d/resourceGroups/SergioRodrigues_RG/providers/Microsoft.Network/networkSecurityGroups/SergioRodrigues_SG",
            "location": "eastus",
            "name": "SergioRodrigues_SG",
            "resource_group_name": "SergioRodrigues_RG",
            "security_rule": [
              {
                "access": "Allow",
                "description": "",
                "destination_address_prefix": "*",
                "destination_address_prefixes": [],
                "destination_application_security_group_ids": [],
                "destination_port_range": "22",
                "destination_port_ranges": [],
                "direction": "Inbound",
                "name": "SSH",
                "priority": 101,
                "protocol": "Tcp",
                "source_address_prefix": "*",
                "source_address_prefixes": [],
                "source_application_security_group_ids": [],
                "source_port_range": "*",
                "source_port_ranges": []
              },
              {
                "access": "Allow",
                "description": "",
                "destination_address_prefix": "*",
                "destination_address_prefixes": [],
                "destination_application_security_group_ids": [],
                "destination_port_range": "3000",
                "destination_port_ranges": [],
                "direction": "Inbound",
                "name": "HTTP",
                "priority": 100,
                "protocol": "Tcp",
                "source_address_prefix": "*",
                "source_address_prefixes": [],
                "source_application_security_group_ids": [],
                "source_port_range": "*",
                "source_port_ranges": []
              },
              {
                "access": "Allow",
                "description": "",
                "destination_address_prefix": "*",
                "destination_address_prefixes": [],
                "destination_application_security_group_ids": [],
                "destination_port_range": "8080",
                "destination_port_ranges": [],
                "direction": "Inbound",
                "name": "JENKINS",
                "priority": 102,
                "protocol": "Tcp",
                "source_address_prefix": "*",
                "source_address_prefixes": [],
                "source_application_security_group_ids": [],
                "source_port_range": "*",
                "source_port_ranges": []
              }
            ],
            "tags": {},
            "timeouts": null
          },
          "private": "eyJlMmJmYjczMC1lY2FhLTExZTYtOGY4OC0zNDM2M2JjN2M0YzAiOnsiY3JlYXRlIjoxODAwMDAwMDAwMDAwLCJkZWxldGUiOjE4MDAwMDAwMDAwMDAsInJlYWQiOjMwMDAwMDAwMDAwMCwidXBkYXRlIjoxODAwMDAwMDAwMDAwfX0=",
          "dependencies": [
            "azurerm_resource_group.SergioRodrigues_Rg"
          ]
        }
      ]
    },
    {
      "mode": "managed",
      "type": "azurerm_public_ip",
      "name": "SergioRodrigues_Ip",
      "provider": "provider.azurerm",
      "instances": [
        {
          "schema_version": 0,
          "attributes": {
            "allocation_method": "Dynamic",
            "domain_name_label": "sergiorodrigues",
            "fqdn": "sergiorodrigues.eastus.cloudapp.azure.com",
            "id": "/subscriptions/5f4ed2ba-0ac4-4340-9687-8a15ca6ae43d/resourceGroups/SergioRodrigues_RG/providers/Microsoft.Network/publicIPAddresses/SergioRodrigues_IPPUBLICO",
            "idle_timeout_in_minutes": 4,
            "ip_address": "52.249.179.191",
            "ip_version": "IPv4",
            "location": "eastus",
            "name": "SergioRodrigues_IPPUBLICO",
            "public_ip_prefix_id": null,
            "resource_group_name": "SergioRodrigues_RG",
            "reverse_fqdn": "",
            "sku": "Basic",
            "tags": {},
            "timeouts": null,
            "zones": []
          },
          "private": "eyJlMmJmYjczMC1lY2FhLTExZTYtOGY4OC0zNDM2M2JjN2M0YzAiOnsiY3JlYXRlIjoxODAwMDAwMDAwMDAwLCJkZWxldGUiOjE4MDAwMDAwMDAwMDAsInJlYWQiOjMwMDAwMDAwMDAwMCwidXBkYXRlIjoxODAwMDAwMDAwMDAwfX0=",
          "dependencies": [
            "azurerm_resource_group.SergioRodrigues_Rg"
          ]
        }
      ]
    },
    {
      "mode": "managed",
      "type": "azurerm_resource_group",
      "name": "SergioRodrigues_Rg",
      "provider": "provider.azurerm",
      "instances": [
        {
          "schema_version": 0,
          "attributes": {
            "id": "/subscriptions/5f4ed2ba-0ac4-4340-9687-8a15ca6ae43d/resourceGroups/SergioRodrigues_RG",
            "location": "eastus",
            "name": "SergioRodrigues_RG",
            "tags": {},
            "timeouts": null
          },
          "private": "eyJlMmJmYjczMC1lY2FhLTExZTYtOGY4OC0zNDM2M2JjN2M0YzAiOnsiY3JlYXRlIjo1NDAwMDAwMDAwMDAwLCJkZWxldGUiOjU0MDAwMDAwMDAwMDAsInJlYWQiOjMwMDAwMDAwMDAwMCwidXBkYXRlIjo1NDAwMDAwMDAwMDAwfX0="
        }
      ]
    },
    {
      "mode": "managed",
      "type": "azurerm_subnet",
      "name": "SergioRodrigues_Sn",
      "provider": "provider.azurerm",
      "instances": [
        {
          "schema_version": 0,
          "attributes": {
            "address_prefix": "10.0.10.0/24",
            "address_prefixes": [
              "10.0.10.0/24"
            ],
            "delegation": [],
            "enforce_private_link_endpoint_network_policies": false,
            "enforce_private_link_service_network_policies": false,
            "id": "/subscriptions/5f4ed2ba-0ac4-4340-9687-8a15ca6ae43d/resourceGroups/SergioRodrigues_RG/providers/Microsoft.Network/virtualNetworks/SergioRodrigues_VN/subnets/SergioRodrigues_SN",
            "name": "SergioRodrigues_SN",
            "resource_group_name": "SergioRodrigues_RG",
            "service_endpoints": [],
            "timeouts": null,
            "virtual_network_name": "SergioRodrigues_VN"
          },
          "private": "eyJlMmJmYjczMC1lY2FhLTExZTYtOGY4OC0zNDM2M2JjN2M0YzAiOnsiY3JlYXRlIjoxODAwMDAwMDAwMDAwLCJkZWxldGUiOjE4MDAwMDAwMDAwMDAsInJlYWQiOjMwMDAwMDAwMDAwMCwidXBkYXRlIjoxODAwMDAwMDAwMDAwfX0=",
          "dependencies": [
            "azurerm_resource_group.SergioRodrigues_Rg",
            "azurerm_virtual_network.SergioRodrigues_Vn"
          ]
        }
      ]
    },
    {
      "mode": "managed",
      "type": "azurerm_virtual_machine",
      "name": "SergioRodrigues_Sr",
      "provider": "provider.azurerm",
      "instances": [
        {
          "schema_version": 0,
          "attributes": {
            "additional_capabilities": [],
            "availability_set_id": null,
            "boot_diagnostics": [],
            "delete_data_disks_on_termination": false,
            "delete_os_disk_on_termination": true,
            "id": "/subscriptions/5f4ed2ba-0ac4-4340-9687-8a15ca6ae43d/resourceGroups/SergioRodrigues_RG/providers/Microsoft.Compute/virtualMachines/sergio-1-rodrigues",
            "identity": [],
            "license_type": null,
            "location": "eastus",
            "name": "sergio-1-rodrigues",
            "network_interface_ids": [
              "/subscriptions/5f4ed2ba-0ac4-4340-9687-8a15ca6ae43d/resourceGroups/SergioRodrigues_RG/providers/Microsoft.Network/networkInterfaces/SergioRodrigues_PR"
            ],
            "os_profile": [
              {
                "admin_password": "",
                "admin_username": "useradmin",
                "computer_name": "sergio-1-rodrigues",
                "custom_data": ""
              }
            ],
            "os_profile_linux_config": [
              {
                "disable_password_authentication": false,
                "ssh_keys": []
              }
            ],
            "os_profile_secrets": [],
            "os_profile_windows_config": [],
            "plan": [],
            "primary_network_interface_id": null,
            "proximity_placement_group_id": null,
            "resource_group_name": "SergioRodrigues_RG",
            "storage_data_disk": [],
            "storage_image_reference": [
              {
                "id": "",
                "offer": "UbuntuServer",
                "publisher": "Canonical",
                "sku": "18.04-LTS",
                "version": "latest"
              }
            ],
            "storage_os_disk": [
              {
                "caching": "ReadWrite",
                "create_option": "FromImage",
                "disk_size_gb": 30,
                "image_uri": "",
                "managed_disk_id": "/subscriptions/5f4ed2ba-0ac4-4340-9687-8a15ca6ae43d/resourceGroups/SERGIORODRIGUES_RG/providers/Microsoft.Compute/disks/servidor-disco1",
                "managed_disk_type": "Standard_LRS",
                "name": "servidor-disco1",
                "os_type": "Linux",
                "vhd_uri": "",
                "write_accelerator_enabled": false
              }
            ],
            "tags": {},
            "timeouts": null,
            "vm_size": "Standard_A1_v2",
            "zones": []
          },
          "private": "eyJlMmJmYjczMC1lY2FhLTExZTYtOGY4OC0zNDM2M2JjN2M0YzAiOnsiY3JlYXRlIjozNjAwMDAwMDAwMDAwLCJkZWxldGUiOjM2MDAwMDAwMDAwMDAsInJlYWQiOjMwMDAwMDAwMDAwMCwidXBkYXRlIjozNjAwMDAwMDAwMDAwfX0=",
          "dependencies": [
            "azurerm_network_interface.SergioRodrigues_Nc",
            "azurerm_public_ip.SergioRodrigues_Ip",
            "azurerm_resource_group.SergioRodrigues_Rg",
            "azurerm_subnet.SergioRodrigues_Sn",
            "azurerm_virtual_network.SergioRodrigues_Vn"
          ]
        }
      ]
    },
    {
      "mode": "managed",
      "type": "azurerm_virtual_network",
      "name": "SergioRodrigues_Vn",
      "provider": "provider.azurerm",
      "instances": [
        {
          "schema_version": 0,
          "attributes": {
            "address_space": [
              "10.0.0.0/16"
            ],
            "ddos_protection_plan": [],
            "dns_servers": [],
            "guid": "acfb063f-e7b7-45e9-b525-5792f5af8644",
            "id": "/subscriptions/5f4ed2ba-0ac4-4340-9687-8a15ca6ae43d/resourceGroups/SergioRodrigues_RG/providers/Microsoft.Network/virtualNetworks/SergioRodrigues_VN",
            "location": "eastus",
            "name": "SergioRodrigues_VN",
            "resource_group_name": "SergioRodrigues_RG",
            "subnet": [
              {
                "address_prefix": "10.0.10.0/24",
                "id": "/subscriptions/5f4ed2ba-0ac4-4340-9687-8a15ca6ae43d/resourceGroups/SergioRodrigues_RG/providers/Microsoft.Network/virtualNetworks/SergioRodrigues_VN/subnets/SergioRodrigues_SN",
                "name": "SergioRodrigues_SN",
                "security_group": ""
              }
            ],
            "tags": {},
            "timeouts": null
          },
          "private": "eyJlMmJmYjczMC1lY2FhLTExZTYtOGY4OC0zNDM2M2JjN2M0YzAiOnsiY3JlYXRlIjoxODAwMDAwMDAwMDAwLCJkZWxldGUiOjE4MDAwMDAwMDAwMDAsInJlYWQiOjMwMDAwMDAwMDAwMCwidXBkYXRlIjoxODAwMDAwMDAwMDAwfX0=",
          "dependencies": [
            "azurerm_resource_group.SergioRodrigues_Rg"
          ]
        }
      ]
    }
  ]
}
